
Microsoft Visual Studio Solution File, Format Version 12.00
# Visual Studio Version 16
VisualStudioVersion = 16.0.30413.136
MinimumVisualStudioVersion = 10.0.40219.1
Project("{FAE04EC0-301F-11D3-BF4B-00C04F79EFBC}") = "StockSimulateUI", "StockSimulateUI\StockSimulateUI.csproj", "{A3D60B81-5AD9-42CF-8A53-92A5377817B8}"
EndProject
Project("{9A19103F-16F7-4668-BE54-9A1E7A4F7556}") = "StockSimulateDomain", "StockSimulateDomain\StockSimulateDomain.csproj", "{159C855B-BA11-414A-A274-4203B422C75C}"
EndProject
Project("{9A19103F-16F7-4668-BE54-9A1E7A4F7556}") = "StockSimulateApp", "StockSimulateApp\StockSimulateApp.csproj", "{36ABDDDF-F6A0-424D-9FEF-BDA687E85139}"
EndProject
Project("{9A19103F-16F7-4668-BE54-9A1E7A4F7556}") = "StockSimulateService", "StockSimulateService\StockSimulateService.csproj", "{3048D004-5B95-4492-A7E7-BA7A17427E06}"
EndProject
Project("{9A19103F-16F7-4668-BE54-9A1E7A4F7556}") = "StockSimulateCore", "StockSimulateCore\StockSimulateCore.csproj", "{0A7FFBFF-1675-4BE4-A39F-61D53552F56C}"
EndProject
Project("{FAE04EC0-301F-11D3-BF4B-00C04F79EFBC}") = "StockSimulateWeb", "StockSimulateWeb\StockSimulateWeb.csproj", "{DC34E7A2-2F82-4AB3-BA50-7AAB9EB5C509}"
EndProject
Global
	GlobalSection(SolutionConfigurationPlatforms) = preSolution
		Debug|Any CPU = Debug|Any CPU
		Debug|x64 = Debug|x64
		Debug|x86 = Debug|x86
		Release|Any CPU = Release|Any CPU
		Release|x64 = Release|x64
		Release|x86 = Release|x86
	EndGlobalSection
	GlobalSection(ProjectConfigurationPlatforms) = postSolution
		{A3D60B81-5AD9-42CF-8A53-92A5377817B8}.Debug|Any CPU.ActiveCfg = Debug|Any CPU
		{A3D60B81-5AD9-42CF-8A53-92A5377817B8}.Debug|Any CPU.Build.0 = Debug|Any CPU
		{A3D60B81-5AD9-42CF-8A53-92A5377817B8}.Debug|x64.ActiveCfg = Debug|x64
		{A3D60B81-5AD9-42CF-8A53-92A5377817B8}.Debug|x64.Build.0 = Debug|x64
		{A3D60B81-5AD9-42CF-8A53-92A5377817B8}.Debug|x86.ActiveCfg = Debug|x86
		{A3D60B81-5AD9-42CF-8A53-92A5377817B8}.Debug|x86.Build.0 = Debug|x86
		{A3D60B81-5AD9-42CF-8A53-92A5377817B8}.Release|Any CPU.ActiveCfg = Release|Any CPU
		{A3D60B81-5AD9-42CF-8A53-92A5377817B8}.Release|Any CPU.Build.0 = Release|Any CPU
		{A3D60B81-5AD9-42CF-8A53-92A5377817B8}.Release|x64.ActiveCfg = Release|x64
		{A3D60B81-5AD9-42CF-8A53-92A5377817B8}.Release|x64.Build.0 = Release|x64
		{A3D60B81-5AD9-42CF-8A53-92A5377817B8}.Release|x86.ActiveCfg = Release|x86
		{A3D60B81-5AD9-42CF-8A53-92A5377817B8}.Release|x86.Build.0 = Release|x86
		{159C855B-BA11-414A-A274-4203B422C75C}.Debug|Any CPU.ActiveCfg = Debug|Any CPU
		{159C855B-BA11-414A-A274-4203B422C75C}.Debug|Any CPU.Build.0 = Debug|Any CPU
		{159C855B-BA11-414A-A274-4203B422C75C}.Debug|x64.ActiveCfg = Debug|Any CPU
		{159C855B-BA11-414A-A274-4203B422C75C}.Debug|x64.Build.0 = Debug|Any CPU
		{159C855B-BA11-414A-A274-4203B422C75C}.Debug|x86.ActiveCfg = Debug|Any CPU
		{159C855B-BA11-414A-A274-4203B422C75C}.Debug|x86.Build.0 = Debug|Any CPU
		{159C855B-BA11-414A-A274-4203B422C75C}.Release|Any CPU.ActiveCfg = Release|Any CPU
		{159C855B-BA11-414A-A274-4203B422C75C}.Release|Any CPU.Build.0 = Release|Any CPU
		{159C855B-BA11-414A-A274-4203B422C75C}.Release|x64.ActiveCfg = Release|Any CPU
		{159C855B-BA11-414A-A274-4203B422C75C}.Release|x64.Build.0 = Release|Any CPU
		{159C855B-BA11-414A-A274-4203B422C75C}.Release|x86.ActiveCfg = Release|Any CPU
		{159C855B-BA11-414A-A274-4203B422C75C}.Release|x86.Build.0 = Release|Any CPU
		{36ABDDDF-F6A0-424D-9FEF-BDA687E85139}.Debug|Any CPU.ActiveCfg = Debug|Any CPU
		{36ABDDDF-F6A0-424D-9FEF-BDA687E85139}.Debug|Any CPU.Build.0 = Debug|Any CPU
		{36ABDDDF-F6A0-424D-9FEF-BDA687E85139}.Debug|x64.ActiveCfg = Debug|Any CPU
		{36ABDDDF-F6A0-424D-9FEF-BDA687E85139}.Debug|x64.Build.0 = Debug|Any CPU
		{36ABDDDF-F6A0-424D-9FEF-BDA687E85139}.Debug|x86.ActiveCfg = Debug|Any CPU
		{36ABDDDF-F6A0-424D-9FEF-BDA687E85139}.Debug|x86.Build.0 = Debug|Any CPU
		{36ABDDDF-F6A0-424D-9FEF-BDA687E85139}.Release|Any CPU.ActiveCfg = Release|Any CPU
		{36ABDDDF-F6A0-424D-9FEF-BDA687E85139}.Release|Any CPU.Build.0 = Release|Any CPU
		{36ABDDDF-F6A0-424D-9FEF-BDA687E85139}.Release|x64.ActiveCfg = Release|Any CPU
		{36ABDDDF-F6A0-424D-9FEF-BDA687E85139}.Release|x64.Build.0 = Release|Any CPU
		{36ABDDDF-F6A0-424D-9FEF-BDA687E85139}.Release|x86.ActiveCfg = Release|Any CPU
		{36ABDDDF-F6A0-424D-9FEF-BDA687E85139}.Release|x86.Build.0 = Release|Any CPU
		{3048D004-5B95-4492-A7E7-BA7A17427E06}.Debug|Any CPU.ActiveCfg = Debug|Any CPU
		{3048D004-5B95-4492-A7E7-BA7A17427E06}.Debug|Any CPU.Build.0 = Debug|Any CPU
		{3048D004-5B95-4492-A7E7-BA7A17427E06}.Debug|x64.ActiveCfg = Debug|Any CPU
		{3048D004-5B95-4492-A7E7-BA7A17427E06}.Debug|x64.Build.0 = Debug|Any CPU
		{3048D004-5B95-4492-A7E7-BA7A17427E06}.Debug|x86.ActiveCfg = Debug|Any CPU
		{3048D004-5B95-4492-A7E7-BA7A17427E06}.Debug|x86.Build.0 = Debug|Any CPU
		{3048D004-5B95-4492-A7E7-BA7A17427E06}.Release|Any CPU.ActiveCfg = Release|Any CPU
		{3048D004-5B95-4492-A7E7-BA7A17427E06}.Release|Any CPU.Build.0 = Release|Any CPU
		{3048D004-5B95-4492-A7E7-BA7A17427E06}.Release|x64.ActiveCfg = Release|Any CPU
		{3048D004-5B95-4492-A7E7-BA7A17427E06}.Release|x64.Build.0 = Release|Any CPU
		{3048D004-5B95-4492-A7E7-BA7A17427E06}.Release|x86.ActiveCfg = Release|Any CPU
		{3048D004-5B95-4492-A7E7-BA7A17427E06}.Release|x86.Build.0 = Release|Any CPU
		{0A7FFBFF-1675-4BE4-A39F-61D53552F56C}.Debug|Any CPU.ActiveCfg = Debug|Any CPU
		{0A7FFBFF-1675-4BE4-A39F-61D53552F56C}.Debug|Any CPU.Build.0 = Debug|Any CPU
		{0A7FFBFF-1675-4BE4-A39F-61D53552F56C}.Debug|x64.ActiveCfg = Debug|Any CPU
		{0A7FFBFF-1675-4BE4-A39F-61D53552F56C}.Debug|x64.Build.0 = Debug|Any CPU
		{0A7FFBFF-1675-4BE4-A39F-61D53552F56C}.Debug|x86.ActiveCfg = Debug|Any CPU
		{0A7FFBFF-1675-4BE4-A39F-61D53552F56C}.Debug|x86.Build.0 = Debug|Any CPU
		{0A7FFBFF-1675-4BE4-A39F-61D53552F56C}.Release|Any CPU.ActiveCfg = Release|Any CPU
		{0A7FFBFF-1675-4BE4-A39F-61D53552F56C}.Release|Any CPU.Build.0 = Release|Any CPU
		{0A7FFBFF-1675-4BE4-A39F-61D53552F56C}.Release|x64.ActiveCfg = Release|Any CPU
		{0A7FFBFF-1675-4BE4-A39F-61D53552F56C}.Release|x64.Build.0 = Release|Any CPU
		{0A7FFBFF-1675-4BE4-A39F-61D53552F56C}.Release|x86.ActiveCfg = Release|Any CPU
		{0A7FFBFF-1675-4BE4-A39F-61D53552F56C}.Release|x86.Build.0 = Release|Any CPU
		{DC34E7A2-2F82-4AB3-BA50-7AAB9EB5C509}.Debug|Any CPU.ActiveCfg = Debug|Any CPU
		{DC34E7A2-2F82-4AB3-BA50-7AAB9EB5C509}.Debug|Any CPU.Build.0 = Debug|Any CPU
		{DC34E7A2-2F82-4AB3-BA50-7AAB9EB5C509}.Debug|x64.ActiveCfg = Debug|Any CPU
		{DC34E7A2-2F82-4AB3-BA50-7AAB9EB5C509}.Debug|x64.Build.0 = Debug|Any CPU
		{DC34E7A2-2F82-4AB3-BA50-7AAB9EB5C509}.Debug|x86.ActiveCfg = Debug|Any CPU
		{DC34E7A2-2F82-4AB3-BA50-7AAB9EB5C509}.Debug|x86.Build.0 = Debug|Any CPU
		{DC34E7A2-2F82-4AB3-BA50-7AAB9EB5C509}.Release|Any CPU.ActiveCfg = Release|Any CPU
		{DC34E7A2-2F82-4AB3-BA50-7AAB9EB5C509}.Release|Any CPU.Build.0 = Release|Any CPU
		{DC34E7A2-2F82-4AB3-BA50-7AAB9EB5C509}.Release|x64.ActiveCfg = Release|Any CPU
		{DC34E7A2-2F82-4AB3-BA50-7AAB9EB5C509}.Release|x64.Build.0 = Release|Any CPU
		{DC34E7A2-2F82-4AB3-BA50-7AAB9EB5C509}.Release|x86.ActiveCfg = Release|Any CPU
		{DC34E7A2-2F82-4AB3-BA50-7AAB9EB5C509}.Release|x86.Build.0 = Release|Any CPU
	EndGlobalSection
	GlobalSection(SolutionProperties) = preSolution
		HideSolutionNode = FALSE
	EndGlobalSection
	GlobalSection(ExtensibilityGlobals) = postSolution
		SolutionGuid = {AD65527C-6BEE-4C96-9E47-BC3C992CD6B7}
	EndGlobalSection
EndGlobal
